
Microsoft Visual Studio Solution File, Format Version 12.00
# Visual Studio 2013
VisualStudioVersion = 12.0.31101.0
MinimumVisualStudioVersion = 10.0.40219.1
Project("{FAE04EC0-301F-11D3-BF4B-00C04F79EFBC}") = "RoutineManagement", "RoutineManagement\RoutineManagement.csproj", "{E7952801-3934-4F53-92E0-F878BA70A141}"
EndProject
Project("{FAE04EC0-301F-11D3-BF4B-00C04F79EFBC}") = "DataAccess", "DataAccess\DataAccess.csproj", "{94905A15-CCF7-462C-9035-B38F27A14049}"
EndProject
Project("{2150E333-8FDC-42A3-9474-1A3956D46DE8}") = "Solution Items", "Solution Items", "{E875D6D2-15B4-42DE-A4A5-11681D4F1CB0}"
	ProjectSection(SolutionItems) = preProject
		WE-Palette.css = WE-Palette.css
	EndProjectSection
EndProject
Global
	GlobalSection(SolutionConfigurationPlatforms) = preSolution
		Debug|Any CPU = Debug|Any CPU
		Release|Any CPU = Release|Any CPU
	EndGlobalSection
	GlobalSection(ProjectConfigurationPlatforms) = postSolution
		{E7952801-3934-4F53-92E0-F878BA70A141}.Debug|Any CPU.ActiveCfg = Debug|Any CPU
		{E7952801-3934-4F53-92E0-F878BA70A141}.Debug|Any CPU.Build.0 = Debug|Any CPU
		{E7952801-3934-4F53-92E0-F878BA70A141}.Release|Any CPU.ActiveCfg = Release|Any CPU
		{E7952801-3934-4F53-92E0-F878BA70A141}.Release|Any CPU.Build.0 = Release|Any CPU
		{94905A15-CCF7-462C-9035-B38F27A14049}.Debug|Any CPU.ActiveCfg = Debug|Any CPU
		{94905A15-CCF7-462C-9035-B38F27A14049}.Debug|Any CPU.Build.0 = Debug|Any CPU
		{94905A15-CCF7-462C-9035-B38F27A14049}.Release|Any CPU.ActiveCfg = Release|Any CPU
		{94905A15-CCF7-462C-9035-B38F27A14049}.Release|Any CPU.Build.0 = Release|Any CPU
	EndGlobalSection
	GlobalSection(SolutionProperties) = preSolution
		HideSolutionNode = FALSE
	EndGlobalSection
EndGlobal
